
Microsoft Visual Studio Solution File, Format Version 12.00
# Visual Studio Version 17
VisualStudioVersion = 17.2.32505.173
MinimumVisualStudioVersion = 10.0.40219.1
Project("{9A19103F-16F7-4668-BE54-9A1E7A4F7556}") = "webApp-carDealer", "webApp-carDealer\webApp-carDealer.csproj", "{F0876F10-9E67-49D4-9348-1E5E9FE4FEE2}"
EndProject
Project("{9A19103F-16F7-4668-BE54-9A1E7A4F7556}") = "webapp-travel-agency", "..\webapp-travel-agency\webapp-travel-agency\webapp-travel-agency.csproj", "{A86CF2C1-6A00-4D2F-8CCD-C7FBE5F51DC7}"
EndProject
Project("{9A19103F-16F7-4668-BE54-9A1E7A4F7556}") = "PizzeriaWebApp", "..\PizzeriaWebApp\PizzeriaWebApp\PizzeriaWebApp.csproj", "{490325EB-D1B3-41A4-8D13-FA1771CE8948}"
EndProject
Global
	GlobalSection(SolutionConfigurationPlatforms) = preSolution
		Debug|Any CPU = Debug|Any CPU
		Release|Any CPU = Release|Any CPU
	EndGlobalSection
	GlobalSection(ProjectConfigurationPlatforms) = postSolution
		{F0876F10-9E67-49D4-9348-1E5E9FE4FEE2}.Debug|Any CPU.ActiveCfg = Debug|Any CPU
		{F0876F10-9E67-49D4-9348-1E5E9FE4FEE2}.Debug|Any CPU.Build.0 = Debug|Any CPU
		{F0876F10-9E67-49D4-9348-1E5E9FE4FEE2}.Release|Any CPU.ActiveCfg = Release|Any CPU
		{F0876F10-9E67-49D4-9348-1E5E9FE4FEE2}.Release|Any CPU.Build.0 = Release|Any CPU
		{A86CF2C1-6A00-4D2F-8CCD-C7FBE5F51DC7}.Debug|Any CPU.ActiveCfg = Debug|Any CPU
		{A86CF2C1-6A00-4D2F-8CCD-C7FBE5F51DC7}.Debug|Any CPU.Build.0 = Debug|Any CPU
		{A86CF2C1-6A00-4D2F-8CCD-C7FBE5F51DC7}.Release|Any CPU.ActiveCfg = Release|Any CPU
		{A86CF2C1-6A00-4D2F-8CCD-C7FBE5F51DC7}.Release|Any CPU.Build.0 = Release|Any CPU
		{490325EB-D1B3-41A4-8D13-FA1771CE8948}.Debug|Any CPU.ActiveCfg = Debug|Any CPU
		{490325EB-D1B3-41A4-8D13-FA1771CE8948}.Debug|Any CPU.Build.0 = Debug|Any CPU
		{490325EB-D1B3-41A4-8D13-FA1771CE8948}.Release|Any CPU.ActiveCfg = Release|Any CPU
		{490325EB-D1B3-41A4-8D13-FA1771CE8948}.Release|Any CPU.Build.0 = Release|Any CPU
	EndGlobalSection
	GlobalSection(SolutionProperties) = preSolution
		HideSolutionNode = FALSE
	EndGlobalSection
	GlobalSection(ExtensibilityGlobals) = postSolution
		SolutionGuid = {976ABBD4-E11A-40B5-9A7C-CEC6BCBC1CDA}
	EndGlobalSection
EndGlobal
